{
  "name": "homebridge-kasa-lightstrip",
  "version": "2.0.0",
  "lockfileVersion": 2,
  "requires": true,
  "packages": {
    "": {
      "name": "homebridge-kasa-lightstrip",
      "version": "2.0.0",
      "license": "MIT",
      "engines": {
        "homebridge": ">=1.0.0",
        "node": ">=12.9.0"
      }
    }
  }
}
